
Microsoft Visual Studio Solution File, Format Version 12.00
# Visual Studio Version 17
VisualStudioVersion = 17.8.34408.163
MinimumVisualStudioVersion = 10.0.40219.1
Project("{2150E333-8FDC-42A3-9474-1A3956D46DE8}") = "src", "src", "{919C168C-8F98-45EA-9002-D396705D8868}"
	ProjectSection(SolutionItems) = preProject
		.dockerignore = .dockerignore
		.gitignore = .gitignore
		docker-compose.override.yml = docker-compose.override.yml
		docker-compose.yml = docker-compose.yml
	EndProjectSection
EndProject
Project("{2150E333-8FDC-42A3-9474-1A3956D46DE8}") = "Services", "Services", "{ABF4D052-BCDF-46FF-B8BA-BC24FFF6F16B}"
EndProject
Project("{2150E333-8FDC-42A3-9474-1A3956D46DE8}") = "BuildingBlocks", "BuildingBlocks", "{EB995FA1-6298-4FB3-9518-A24D5738E4B6}"
EndProject
Project("{2150E333-8FDC-42A3-9474-1A3956D46DE8}") = "MessageBroker", "MessageBroker", "{6A463167-C626-45C6-9FD2-3BF5FC7196BA}"
EndProject
Project("{FAE04EC0-301F-11D3-BF4B-00C04F79EFBC}") = "MessageBroker.RabbitMQ", "src\BuildingBlocks\MessageBroker\MessageBroker.RabbitMQ\MessageBroker.RabbitMQ.csproj", "{F4785488-F053-42CC-AEA0-54345FDF5546}"
EndProject
Project("{FAE04EC0-301F-11D3-BF4B-00C04F79EFBC}") = "MessageBroker.Kafka", "src\BuildingBlocks\MessageBroker\MessageBroker.Kafka\MessageBroker.Kafka.csproj", "{93BE78B4-A657-447F-A399-CD0BC15F9634}"
EndProject
Project("{FAE04EC0-301F-11D3-BF4B-00C04F79EFBC}") = "MessageBroker.Common", "src\BuildingBlocks\MessageBroker\MessageBroker.Common\MessageBroker.Common.csproj", "{3E12E251-7C54-474E-81D4-FC4FEB3E4DF9}"
EndProject
Project("{FAE04EC0-301F-11D3-BF4B-00C04F79EFBC}") = "MessageBroker.Infrastructure", "src\BuildingBlocks\MessageBroker\MessageBroker.Infrastructure\MessageBroker.Infrastructure.csproj", "{D7134188-DFC3-4FC4-8613-53F58DF7DB77}"
EndProject
Project("{2150E333-8FDC-42A3-9474-1A3956D46DE8}") = "EmailReceiver", "EmailReceiver", "{9A644348-8D91-40F3-A814-42E032ABDD79}"
EndProject
Project("{FAE04EC0-301F-11D3-BF4B-00C04F79EFBC}") = "EmailReceiver.Domain", "src\Services\EmailReceiver\EmailReceiver.Domain\EmailReceiver.Domain.csproj", "{E4E15D2C-A3C3-46E1-804C-AEAF7083F9E7}"
EndProject
Project("{FAE04EC0-301F-11D3-BF4B-00C04F79EFBC}") = "EmailReceiver.Application", "src\Services\EmailReceiver\EmailReceiver.Application\EmailReceiver.Application.csproj", "{11FB522F-7FEE-453A-B490-9A10CAD10BCE}"
EndProject
Project("{FAE04EC0-301F-11D3-BF4B-00C04F79EFBC}") = "EmailReceiver.Infrastructure", "src\Services\EmailReceiver\EmailReceiver.Infrastructure\EmailReceiver.Infrastructure.csproj", "{01C7E8CB-1E2B-4ED8-8450-BE789E1E06CF}"
EndProject
Project("{FAE04EC0-301F-11D3-BF4B-00C04F79EFBC}") = "EmailReceiver.API", "src\Services\EmailReceiver\EmailReceiver.API\EmailReceiver.API.csproj", "{A21D7E64-9222-469C-A2DD-8EA37AB95B4F}"
EndProject
Project("{2150E333-8FDC-42A3-9474-1A3956D46DE8}") = "EmailSender", "EmailSender", "{CF84E677-CE0C-41E4-B88B-015C3D76438A}"
EndProject
Project("{FAE04EC0-301F-11D3-BF4B-00C04F79EFBC}") = "EmailSender.Domain", "src\Services\EmailSender\EmailSender.Domain\EmailSender.Domain.csproj", "{B80081A5-A475-4686-B7D3-B19AA8C35D2C}"
EndProject
Project("{FAE04EC0-301F-11D3-BF4B-00C04F79EFBC}") = "EmailSender.Application", "src\Services\EmailSender\EmailSender.Application\EmailSender.Application.csproj", "{0710CB7B-813B-45B8-859A-41326147BFB9}"
EndProject
Project("{FAE04EC0-301F-11D3-BF4B-00C04F79EFBC}") = "EmailSender.Infrastructure", "src\Services\EmailSender\EmailSender.Infrastructure\EmailSender.Infrastructure.csproj", "{FB8BB24F-F0C7-4FE3-AD81-45D9C766F5CC}"
EndProject
Project("{FAE04EC0-301F-11D3-BF4B-00C04F79EFBC}") = "EmailSender.API", "src\Services\EmailSender\EmailSender.API\EmailSender.API.csproj", "{8726C408-0E93-4CC0-9B5E-ACCD329EAD16}"
EndProject
Global
	GlobalSection(SolutionConfigurationPlatforms) = preSolution
		Debug|Any CPU = Debug|Any CPU
		Release|Any CPU = Release|Any CPU
	EndGlobalSection
	GlobalSection(ProjectConfigurationPlatforms) = postSolution
		{F4785488-F053-42CC-AEA0-54345FDF5546}.Debug|Any CPU.ActiveCfg = Debug|Any CPU
		{F4785488-F053-42CC-AEA0-54345FDF5546}.Debug|Any CPU.Build.0 = Debug|Any CPU
		{F4785488-F053-42CC-AEA0-54345FDF5546}.Release|Any CPU.ActiveCfg = Release|Any CPU
		{F4785488-F053-42CC-AEA0-54345FDF5546}.Release|Any CPU.Build.0 = Release|Any CPU
		{93BE78B4-A657-447F-A399-CD0BC15F9634}.Debug|Any CPU.ActiveCfg = Debug|Any CPU
		{93BE78B4-A657-447F-A399-CD0BC15F9634}.Debug|Any CPU.Build.0 = Debug|Any CPU
		{93BE78B4-A657-447F-A399-CD0BC15F9634}.Release|Any CPU.ActiveCfg = Release|Any CPU
		{93BE78B4-A657-447F-A399-CD0BC15F9634}.Release|Any CPU.Build.0 = Release|Any CPU
		{3E12E251-7C54-474E-81D4-FC4FEB3E4DF9}.Debug|Any CPU.ActiveCfg = Debug|Any CPU
		{3E12E251-7C54-474E-81D4-FC4FEB3E4DF9}.Debug|Any CPU.Build.0 = Debug|Any CPU
		{3E12E251-7C54-474E-81D4-FC4FEB3E4DF9}.Release|Any CPU.ActiveCfg = Release|Any CPU
		{3E12E251-7C54-474E-81D4-FC4FEB3E4DF9}.Release|Any CPU.Build.0 = Release|Any CPU
		{D7134188-DFC3-4FC4-8613-53F58DF7DB77}.Debug|Any CPU.ActiveCfg = Debug|Any CPU
		{D7134188-DFC3-4FC4-8613-53F58DF7DB77}.Debug|Any CPU.Build.0 = Debug|Any CPU
		{D7134188-DFC3-4FC4-8613-53F58DF7DB77}.Release|Any CPU.ActiveCfg = Release|Any CPU
		{D7134188-DFC3-4FC4-8613-53F58DF7DB77}.Release|Any CPU.Build.0 = Release|Any CPU
		{E4E15D2C-A3C3-46E1-804C-AEAF7083F9E7}.Debug|Any CPU.ActiveCfg = Debug|Any CPU
		{E4E15D2C-A3C3-46E1-804C-AEAF7083F9E7}.Debug|Any CPU.Build.0 = Debug|Any CPU
		{E4E15D2C-A3C3-46E1-804C-AEAF7083F9E7}.Release|Any CPU.ActiveCfg = Release|Any CPU
		{E4E15D2C-A3C3-46E1-804C-AEAF7083F9E7}.Release|Any CPU.Build.0 = Release|Any CPU
		{11FB522F-7FEE-453A-B490-9A10CAD10BCE}.Debug|Any CPU.ActiveCfg = Debug|Any CPU
		{11FB522F-7FEE-453A-B490-9A10CAD10BCE}.Debug|Any CPU.Build.0 = Debug|Any CPU
		{11FB522F-7FEE-453A-B490-9A10CAD10BCE}.Release|Any CPU.ActiveCfg = Release|Any CPU
		{11FB522F-7FEE-453A-B490-9A10CAD10BCE}.Release|Any CPU.Build.0 = Release|Any CPU
		{01C7E8CB-1E2B-4ED8-8450-BE789E1E06CF}.Debug|Any CPU.ActiveCfg = Debug|Any CPU
		{01C7E8CB-1E2B-4ED8-8450-BE789E1E06CF}.Debug|Any CPU.Build.0 = Debug|Any CPU
		{01C7E8CB-1E2B-4ED8-8450-BE789E1E06CF}.Release|Any CPU.ActiveCfg = Release|Any CPU
		{01C7E8CB-1E2B-4ED8-8450-BE789E1E06CF}.Release|Any CPU.Build.0 = Release|Any CPU
		{A21D7E64-9222-469C-A2DD-8EA37AB95B4F}.Debug|Any CPU.ActiveCfg = Debug|Any CPU
		{A21D7E64-9222-469C-A2DD-8EA37AB95B4F}.Debug|Any CPU.Build.0 = Debug|Any CPU
		{A21D7E64-9222-469C-A2DD-8EA37AB95B4F}.Release|Any CPU.ActiveCfg = Release|Any CPU
		{A21D7E64-9222-469C-A2DD-8EA37AB95B4F}.Release|Any CPU.Build.0 = Release|Any CPU
		{B80081A5-A475-4686-B7D3-B19AA8C35D2C}.Debug|Any CPU.ActiveCfg = Debug|Any CPU
		{B80081A5-A475-4686-B7D3-B19AA8C35D2C}.Debug|Any CPU.Build.0 = Debug|Any CPU
		{B80081A5-A475-4686-B7D3-B19AA8C35D2C}.Release|Any CPU.ActiveCfg = Release|Any CPU
		{B80081A5-A475-4686-B7D3-B19AA8C35D2C}.Release|Any CPU.Build.0 = Release|Any CPU
		{0710CB7B-813B-45B8-859A-41326147BFB9}.Debug|Any CPU.ActiveCfg = Debug|Any CPU
		{0710CB7B-813B-45B8-859A-41326147BFB9}.Debug|Any CPU.Build.0 = Debug|Any CPU
		{0710CB7B-813B-45B8-859A-41326147BFB9}.Release|Any CPU.ActiveCfg = Release|Any CPU
		{0710CB7B-813B-45B8-859A-41326147BFB9}.Release|Any CPU.Build.0 = Release|Any CPU
		{FB8BB24F-F0C7-4FE3-AD81-45D9C766F5CC}.Debug|Any CPU.ActiveCfg = Debug|Any CPU
		{FB8BB24F-F0C7-4FE3-AD81-45D9C766F5CC}.Debug|Any CPU.Build.0 = Debug|Any CPU
		{FB8BB24F-F0C7-4FE3-AD81-45D9C766F5CC}.Release|Any CPU.ActiveCfg = Release|Any CPU
		{FB8BB24F-F0C7-4FE3-AD81-45D9C766F5CC}.Release|Any CPU.Build.0 = Release|Any CPU
		{8726C408-0E93-4CC0-9B5E-ACCD329EAD16}.Debug|Any CPU.ActiveCfg = Debug|Any CPU
		{8726C408-0E93-4CC0-9B5E-ACCD329EAD16}.Debug|Any CPU.Build.0 = Debug|Any CPU
		{8726C408-0E93-4CC0-9B5E-ACCD329EAD16}.Release|Any CPU.ActiveCfg = Release|Any CPU
		{8726C408-0E93-4CC0-9B5E-ACCD329EAD16}.Release|Any CPU.Build.0 = Release|Any CPU
	EndGlobalSection
	GlobalSection(SolutionProperties) = preSolution
		HideSolutionNode = FALSE
	EndGlobalSection
	GlobalSection(NestedProjects) = preSolution
		{ABF4D052-BCDF-46FF-B8BA-BC24FFF6F16B} = {919C168C-8F98-45EA-9002-D396705D8868}
		{EB995FA1-6298-4FB3-9518-A24D5738E4B6} = {919C168C-8F98-45EA-9002-D396705D8868}
		{6A463167-C626-45C6-9FD2-3BF5FC7196BA} = {EB995FA1-6298-4FB3-9518-A24D5738E4B6}
		{F4785488-F053-42CC-AEA0-54345FDF5546} = {6A463167-C626-45C6-9FD2-3BF5FC7196BA}
		{93BE78B4-A657-447F-A399-CD0BC15F9634} = {6A463167-C626-45C6-9FD2-3BF5FC7196BA}
		{3E12E251-7C54-474E-81D4-FC4FEB3E4DF9} = {6A463167-C626-45C6-9FD2-3BF5FC7196BA}
		{D7134188-DFC3-4FC4-8613-53F58DF7DB77} = {6A463167-C626-45C6-9FD2-3BF5FC7196BA}
		{9A644348-8D91-40F3-A814-42E032ABDD79} = {ABF4D052-BCDF-46FF-B8BA-BC24FFF6F16B}
		{E4E15D2C-A3C3-46E1-804C-AEAF7083F9E7} = {9A644348-8D91-40F3-A814-42E032ABDD79}
		{11FB522F-7FEE-453A-B490-9A10CAD10BCE} = {9A644348-8D91-40F3-A814-42E032ABDD79}
		{01C7E8CB-1E2B-4ED8-8450-BE789E1E06CF} = {9A644348-8D91-40F3-A814-42E032ABDD79}
		{A21D7E64-9222-469C-A2DD-8EA37AB95B4F} = {9A644348-8D91-40F3-A814-42E032ABDD79}
		{CF84E677-CE0C-41E4-B88B-015C3D76438A} = {ABF4D052-BCDF-46FF-B8BA-BC24FFF6F16B}
		{B80081A5-A475-4686-B7D3-B19AA8C35D2C} = {CF84E677-CE0C-41E4-B88B-015C3D76438A}
		{0710CB7B-813B-45B8-859A-41326147BFB9} = {CF84E677-CE0C-41E4-B88B-015C3D76438A}
		{FB8BB24F-F0C7-4FE3-AD81-45D9C766F5CC} = {CF84E677-CE0C-41E4-B88B-015C3D76438A}
		{8726C408-0E93-4CC0-9B5E-ACCD329EAD16} = {CF84E677-CE0C-41E4-B88B-015C3D76438A}
	EndGlobalSection
	GlobalSection(ExtensibilityGlobals) = postSolution
		SolutionGuid = {95ED7931-1846-4ADE-A368-967CFCB2082D}
	EndGlobalSection
EndGlobal
